// !$*UTF8*$!
{
	archiveVersion = 1;
	classes = {
	};
	objectVersion = 51;
	objects = {

/* Begin PBXBuildFile section */
		410CF0E524DAD504002B1BE0 /* GoogleService-Info.plist in Resources */ = {isa = PBXBuildFile; fileRef = 410CF0E424DAD504002B1BE0 /* GoogleService-Info.plist */; };
		410CF0E824DADBE5002B1BE0 /* LevelSelectView.m in Sources */ = {isa = PBXBuildFile; fileRef = 410CF0E724DADBE5002B1BE0 /* LevelSelectView.m */; };
		41EFC99024DA95E100869BD1 /* AppDelegate.m in Sources */ = {isa = PBXBuildFile; fileRef = 41EFC98F24DA95E100869BD1 /* AppDelegate.m */; };
		41EFC99324DA95E100869BD1 /* SceneDelegate.m in Sources */ = {isa = PBXBuildFile; fileRef = 41EFC99224DA95E100869BD1 /* SceneDelegate.m */; };
		41EFC99624DA95E100869BD1 /* ViewController.m in Sources */ = {isa = PBXBuildFile; fileRef = 41EFC99524DA95E100869BD1 /* ViewController.m */; };
		41EFC99924DA95E100869BD1 /* Main.storyboard in Resources */ = {isa = PBXBuildFile; fileRef = 41EFC99724DA95E100869BD1 /* Main.storyboard */; };
		41EFC99B24DA95E200869BD1 /* Assets.xcassets in Resources */ = {isa = PBXBuildFile; fileRef = 41EFC99A24DA95E200869BD1 /* Assets.xcassets */; };
		41EFC99E24DA95E200869BD1 /* LaunchScreen.storyboard in Resources */ = {isa = PBXBuildFile; fileRef = 41EFC99C24DA95E200869BD1 /* LaunchScreen.storyboard */; };
		41EFC9A124DA95E200869BD1 /* main.m in Sources */ = {isa = PBXBuildFile; fileRef = 41EFC9A024DA95E200869BD1 /* main.m */; };
		6546833E264E36AA3229D489 /* libPods-Tech Tree.a in Frameworks */ = {isa = PBXBuildFile; fileRef = 55E256921166244F11BF4573 /* libPods-Tech Tree.a */; };
/* End PBXBuildFile section */

/* Begin PBXFileReference section */
		410CF0E424DAD504002B1BE0 /* GoogleService-Info.plist */ = {isa = PBXFileReference; fileEncoding = 4; lastKnownFileType = text.plist.xml; name = "GoogleService-Info.plist"; path = "../../../Downloads/GoogleService-Info.plist"; sourceTree = "<group>"; };
		410CF0E624DADBE5002B1BE0 /* LevelSelectView.h */ = {isa = PBXFileReference; lastKnownFileType = sourcecode.c.h; path = LevelSelectView.h; sourceTree = "<group>"; };
		410CF0E724DADBE5002B1BE0 /* LevelSelectView.m */ = {isa = PBXFileReference; lastKnownFileType = sourcecode.c.objc; path = LevelSelectView.m; sourceTree = "<group>"; };
		41EFC98B24DA95E100869BD1 /* Tech Tree.app */ = {isa = PBXFileReference; explicitFileType = wrapper.application; includeInIndex = 0; path = "Tech Tree.app"; sourceTree = BUILT_PRODUCTS_DIR; };
		41EFC98E24DA95E100869BD1 /* AppDelegate.h */ = {isa = PBXFileReference; lastKnownFileType = sourcecode.c.h; path = AppDelegate.h; sourceTree = "<group>"; };
		41EFC98F24DA95E100869BD1 /* AppDelegate.m */ = {isa = PBXFileReference; lastKnownFileType = sourcecode.c.objc; path = AppDelegate.m; sourceTree = "<group>"; };
		41EFC99124DA95E100869BD1 /* SceneDelegate.h */ = {isa = PBXFileReference; lastKnownFileType = sourcecode.c.h; path = SceneDelegate.h; sourceTree = "<group>"; };
		41EFC99224DA95E100869BD1 /* SceneDelegate.m */ = {isa = PBXFileReference; lastKnownFileType = sourcecode.c.objc; path = SceneDelegate.m; sourceTree = "<group>"; };
		41EFC99424DA95E100869BD1 /* ViewController.h */ = {isa = PBXFileReference; lastKnownFileType = sourcecode.c.h; path = ViewController.h; sourceTree = "<group>"; };
		41EFC99524DA95E100869BD1 /* ViewController.m */ = {isa = PBXFileReference; lastKnownFileType = sourcecode.c.objc; path = ViewController.m; sourceTree = "<group>"; };
		41EFC99824DA95E100869BD1 /* Base */ = {isa = PBXFileReference; lastKnownFileType = file.storyboard; name = Base; path = Base.lproj/Main.storyboard; sourceTree = "<group>"; };
		41EFC99A24DA95E200869BD1 /* Assets.xcassets */ = {isa = PBXFileReference; lastKnownFileType = folder.assetcatalog; path = Assets.xcassets; sourceTree = "<group>"; };
		41EFC99D24DA95E200869BD1 /* Base */ = {isa = PBXFileReference; lastKnownFileType = file.storyboard; name = Base; path = Base.lproj/LaunchScreen.storyboard; sourceTree = "<group>"; };
		41EFC99F24DA95E200869BD1 /* Info.plist */ = {isa = PBXFileReference; lastKnownFileType = text.plist.xml; path = Info.plist; sourceTree = "<group>"; };
		41EFC9A024DA95E200869BD1 /* main.m */ = {isa = PBXFileReference; lastKnownFileType = sourcecode.c.objc; path = main.m; sourceTree = "<group>"; };
		4E936C063F7B99CD16C14B2C /* Pods-Tech Tree.release.xcconfig */ = {isa = PBXFileReference; includeInIndex = 1; lastKnownFileType = text.xcconfig; name = "Pods-Tech Tree.release.xcconfig"; path = "Target Support Files/Pods-Tech Tree/Pods-Tech Tree.release.xcconfig"; sourceTree = "<group>"; };
		55E256921166244F11BF4573 /* libPods-Tech Tree.a */ = {isa = PBXFileReference; explicitFileType = archive.ar; includeInIndex = 0; path = "libPods-Tech Tree.a"; sourceTree = BUILT_PRODUCTS_DIR; };
		8363905E09B01B8AFD2526B4 /* Pods-Tech Tree.debug.xcconfig */ = {isa = PBXFileReference; includeInIndex = 1; lastKnownFileType = text.xcconfig; name = "Pods-Tech Tree.debug.xcconfig"; path = "Target Support Files/Pods-Tech Tree/Pods-Tech Tree.debug.xcconfig"; sourceTree = "<group>"; };
/* End PBXFileReference section */

/* Begin PBXFrameworksBuildPhase section */
		41EFC98824DA95E100869BD1 /* Frameworks */ = {
			isa = PBXFrameworksBuildPhase;
			buildActionMask = 2147483647;
			files = (
				6546833E264E36AA3229D489 /* libPods-Tech Tree.a in Frameworks */,
			);
			runOnlyForDeploymentPostprocessing = 0;
		};
/* End PBXFrameworksBuildPhase section */

/* Begin PBXGroup section */
		4192670624DACD56004A2F4D /* View */ = {
			isa = PBXGroup;
			children = (
				41EFC99424DA95E100869BD1 /* ViewController.h */,
				41EFC99524DA95E100869BD1 /* ViewController.m */,
				410CF0E624DADBE5002B1BE0 /* LevelSelectView.h */,
				410CF0E724DADBE5002B1BE0 /* LevelSelectView.m */,
			);
			path = View;
			sourceTree = "<group>";
		};
		41EFC98224DA95E100869BD1 = {
			isa = PBXGroup;
			children = (
				41EFC98D24DA95E100869BD1 /* Tech Tree */,
				41EFC98C24DA95E100869BD1 /* Products */,
				6EF40C17476FFEFED230C6A3 /* Pods */,
				542ECA005690CAFBD47D703D /* Frameworks */,
			);
			sourceTree = "<group>";
		};
		41EFC98C24DA95E100869BD1 /* Products */ = {
			isa = PBXGroup;
			children = (
				41EFC98B24DA95E100869BD1 /* Tech Tree.app */,
			);
			name = Products;
			sourceTree = "<group>";
		};
		41EFC98D24DA95E100869BD1 /* Tech Tree */ = {
			isa = PBXGroup;
			children = (
				410CF0E424DAD504002B1BE0 /* GoogleService-Info.plist */,
				41EFC98E24DA95E100869BD1 /* AppDelegate.h */,
				41EFC98F24DA95E100869BD1 /* AppDelegate.m */,
				41EFC99124DA95E100869BD1 /* SceneDelegate.h */,
				41EFC99224DA95E100869BD1 /* SceneDelegate.m */,
				4192670624DACD56004A2F4D /* View */,
				41EFC99724DA95E100869BD1 /* Main.storyboard */,
				41EFC99A24DA95E200869BD1 /* Assets.xcassets */,
				41EFC99C24DA95E200869BD1 /* LaunchScreen.storyboard */,
				41EFC99F24DA95E200869BD1 /* Info.plist */,
				41EFC9A024DA95E200869BD1 /* main.m */,
			);
			path = "Tech Tree";
			sourceTree = "<group>";
		};
		542ECA005690CAFBD47D703D /* Frameworks */ = {
			isa = PBXGroup;
			children = (
				55E256921166244F11BF4573 /* libPods-Tech Tree.a */,
			);
			name = Frameworks;
			sourceTree = "<group>";
		};
		6EF40C17476FFEFED230C6A3 /* Pods */ = {
			isa = PBXGroup;
			children = (
				8363905E09B01B8AFD2526B4 /* Pods-Tech Tree.debug.xcconfig */,
				4E936C063F7B99CD16C14B2C /* Pods-Tech Tree.release.xcconfig */,
			);
			path = Pods;
			sourceTree = "<group>";
		};
/* End PBXGroup section */

/* Begin PBXNativeTarget section */
		41EFC98A24DA95E100869BD1 /* Tech Tree */ = {
			isa = PBXNativeTarget;
			buildConfigurationList = 41EFC9A424DA95E200869BD1 /* Build configuration list for PBXNativeTarget "Tech Tree" */;
			buildPhases = (
				4A8572D7C040BAA60569178E /* [CP] Check Pods Manifest.lock */,
				41EFC98724DA95E100869BD1 /* Sources */,
				41EFC98824DA95E100869BD1 /* Frameworks */,
				41EFC98924DA95E100869BD1 /* Resources */,
				870F71A61E5FBA7B8091B377 /* [CP] Copy Pods Resources */,
			);
			buildRules = (
			);
			dependencies = (
			);
			name = "Tech Tree";
			productName = "Tech Tree";
			productReference = 41EFC98B24DA95E100869BD1 /* Tech Tree.app */;
			productType = "com.apple.product-type.application";
		};
/* End PBXNativeTarget section */

/* Begin PBXProject section */
		41EFC98324DA95E100869BD1 /* Project object */ = {
			isa = PBXProject;
			attributes = {
				LastUpgradeCheck = 1130;
				ORGANIZATIONNAME = "Suzy Lee";
				TargetAttributes = {
					41EFC98A24DA95E100869BD1 = {
						CreatedOnToolsVersion = 11.3.1;
					};
				};
			};
			buildConfigurationList = 41EFC98624DA95E100869BD1 /* Build configuration list for PBXProject "Tech Tree" */;
			compatibilityVersion = "Xcode 9.3";
			developmentRegion = en;
			hasScannedForEncodings = 0;
			knownRegions = (
				en,
				Base,
			);
			mainGroup = 41EFC98224DA95E100869BD1;
			productRefGroup = 41EFC98C24DA95E100869BD1 /* Products */;
			projectDirPath = "";
			projectRoot = "";
			targets = (
				41EFC98A24DA95E100869BD1 /* Tech Tree */,
			);
		};
/* End PBXProject section */

/* Begin PBXResourcesBuildPhase section */
		41EFC98924DA95E100869BD1 /* Resources */ = {
			isa = PBXResourcesBuildPhase;
			buildActionMask = 2147483647;
			files = (
				41EFC99E24DA95E200869BD1 /* LaunchScreen.storyboard in Resources */,
				410CF0E524DAD504002B1BE0 /* GoogleService-Info.plist in Resources */,
				41EFC99B24DA95E200869BD1 /* Assets.xcassets in Resources */,
				41EFC99924DA95E100869BD1 /* Main.storyboard in Resources */,
			);
			runOnlyForDeploymentPostprocessing = 0;
		};
/* End PBXResourcesBuildPhase section */

/* Begin PBXShellScriptBuildPhase section */
		4A8572D7C040BAA60569178E /* [CP] Check Pods Manifest.lock */ = {
			isa = PBXShellScriptBuildPhase;
			buildActionMask = 2147483647;
			files = (
			);
			inputFileListPaths = (
			);
			inputPaths = (
				"${PODS_PODFILE_DIR_PATH}/Podfile.lock",
				"${PODS_ROOT}/Manifest.lock",
			);
			name = "[CP] Check Pods Manifest.lock";
			outputFileListPaths = (
			);
			outputPaths = (
				"$(DERIVED_FILE_DIR)/Pods-Tech Tree-checkManifestLockResult.txt",
			);
			runOnlyForDeploymentPostprocessing = 0;
			shellPath = /bin/sh;
			shellScript = "diff \"${PODS_PODFILE_DIR_PATH}/Podfile.lock\" \"${PODS_ROOT}/Manifest.lock\" > /dev/null\nif [ $? != 0 ] ; then\n    # print error to STDERR\n    echo \"error: The sandbox is not in sync with the Podfile.lock. Run 'pod install' or update your CocoaPods installation.\" >&2\n    exit 1\nfi\n# This output is used by Xcode 'outputs' to avoid re-running this script phase.\necho \"SUCCESS\" > \"${SCRIPT_OUTPUT_FILE_0}\"\n";
			showEnvVarsInLog = 0;
		};
		870F71A61E5FBA7B8091B377 /* [CP] Copy Pods Resources */ = {
			isa = PBXShellScriptBuildPhase;
			buildActionMask = 2147483647;
			files = (
			);
			inputFileListPaths = (
				"${PODS_ROOT}/Target Support Files/Pods-Tech Tree/Pods-Tech Tree-resources-${CONFIGURATION}-input-files.xcfilelist",
			);
			name = "[CP] Copy Pods Resources";
			outputFileListPaths = (
				"${PODS_ROOT}/Target Support Files/Pods-Tech Tree/Pods-Tech Tree-resources-${CONFIGURATION}-output-files.xcfilelist",
			);
			runOnlyForDeploymentPostprocessing = 0;
			shellPath = /bin/sh;
			shellScript = "\"${PODS_ROOT}/Target Support Files/Pods-Tech Tree/Pods-Tech Tree-resources.sh\"\n";
			showEnvVarsInLog = 0;
		};
/* End PBXShellScriptBuildPhase section */

/* Begin PBXSourcesBuildPhase section */
		41EFC98724DA95E100869BD1 /* Sources */ = {
			isa = PBXSourcesBuildPhase;
			buildActionMask = 2147483647;
			files = (
				41EFC99624DA95E100869BD1 /* ViewController.m in Sources */,
				410CF0E824DADBE5002B1BE0 /* LevelSelectView.m in Sources */,
				41EFC99024DA95E100869BD1 /* AppDelegate.m in Sources */,
				41EFC9A124DA95E200869BD1 /* main.m in Sources */,
				41EFC99324DA95E100869BD1 /* SceneDelegate.m in Sources */,
			);
			runOnlyForDeploymentPostprocessing = 0;
		};
/* End PBXSourcesBuildPhase section */

/* Begin PBXVariantGroup section */
		41EFC99724DA95E100869BD1 /* Main.storyboard */ = {
			isa = PBXVariantGroup;
			children = (
				41EFC99824DA95E100869BD1 /* Base */,
			);
			name = Main.storyboard;
			sourceTree = "<group>";
		};
		41EFC99C24DA95E200869BD1 /* LaunchScreen.storyboard */ = {
			isa = PBXVariantGroup;
			children = (
				41EFC99D24DA95E200869BD1 /* Base */,
			);
			name = LaunchScreen.storyboard;
			sourceTree = "<group>";
		};
/* End PBXVariantGroup section */

/* Begin XCBuildConfiguration section */
		41EFC9A224DA95E200869BD1 /* Debug */ = {
			isa = XCBuildConfiguration;
			buildSettings = {
				ALWAYS_SEARCH_USER_PATHS = NO;
				CLANG_ANALYZER_NONNULL = YES;
				CLANG_ANALYZER_NUMBER_OBJECT_CONVERSION = YES_AGGRESSIVE;
				CLANG_CXX_LANGUAGE_STANDARD = "gnu++14";
				CLANG_CXX_LIBRARY = "libc++";
				CLANG_ENABLE_MODULES = YES;
				CLANG_ENABLE_OBJC_ARC = YES;
				CLANG_ENABLE_OBJC_WEAK = YES;
				CLANG_WARN_BLOCK_CAPTURE_AUTORELEASING = YES;
				CLANG_WARN_BOOL_CONVERSION = YES;
				CLANG_WARN_COMMA = YES;
				CLANG_WARN_CONSTANT_CONVERSION = YES;
				CLANG_WARN_DEPRECATED_OBJC_IMPLEMENTATIONS = YES;
				CLANG_WARN_DIRECT_OBJC_ISA_USAGE = YES_ERROR;
				CLANG_WARN_DOCUMENTATION_COMMENTS = YES;
				CLANG_WARN_EMPTY_BODY = YES;
				CLANG_WARN_ENUM_CONVERSION = YES;
				CLANG_WARN_INFINITE_RECURSION = YES;
				CLANG_WARN_INT_CONVERSION = YES;
				CLANG_WARN_NON_LITERAL_NULL_CONVERSION = YES;
				CLANG_WARN_OBJC_IMPLICIT_RETAIN_SELF = YES;
				CLANG_WARN_OBJC_LITERAL_CONVERSION = YES;
				CLANG_WARN_OBJC_ROOT_CLASS = YES_ERROR;
				CLANG_WARN_RANGE_LOOP_ANALYSIS = YES;
				CLANG_WARN_STRICT_PROTOTYPES = YES;
				CLANG_WARN_SUSPICIOUS_MOVE = YES;
				CLANG_WARN_UNGUARDED_AVAILABILITY = YES_AGGRESSIVE;
				CLANG_WARN_UNREACHABLE_CODE = YES;
				CLANG_WARN__DUPLICATE_METHOD_MATCH = YES;
				COPY_PHASE_STRIP = NO;
				DEBUG_INFORMATION_FORMAT = dwarf;
				ENABLE_STRICT_OBJC_MSGSEND = YES;
				ENABLE_TESTABILITY = YES;
				GCC_C_LANGUAGE_STANDARD = gnu11;
				GCC_DYNAMIC_NO_PIC = NO;
				GCC_NO_COMMON_BLOCKS = YES;
				GCC_OPTIMIZATION_LEVEL = 0;
				GCC_PREPROCESSOR_DEFINITIONS = (
					"DEBUG=1",
					"$(inherited)",
				);
				GCC_WARN_64_TO_32_BIT_CONVERSION = YES;
				GCC_WARN_ABOUT_RETURN_TYPE = YES_ERROR;
				GCC_WARN_UNDECLARED_SELECTOR = YES;
				GCC_WARN_UNINITIALIZED_AUTOS = YES_AGGRESSIVE;
				GCC_WARN_UNUSED_FUNCTION = YES;
				GCC_WARN_UNUSED_VARIABLE = YES;
				IPHONEOS_DEPLOYMENT_TARGET = 13.2;
				MTL_ENABLE_DEBUG_INFO = INCLUDE_SOURCE;
				MTL_FAST_MATH = YES;
				ONLY_ACTIVE_ARCH = YES;
				SDKROOT = iphoneos;
			};
			name = Debug;
		};
		41EFC9A324DA95E200869BD1 /* Release */ = {
			isa = XCBuildConfiguration;
			buildSettings = {
				ALWAYS_SEARCH_USER_PATHS = NO;
				CLANG_ANALYZER_NONNULL = YES;
				CLANG_ANALYZER_NUMBER_OBJECT_CONVERSION = YES_AGGRESSIVE;
				CLANG_CXX_LANGUAGE_STANDARD = "gnu++14";
				CLANG_CXX_LIBRARY = "libc++";
				CLANG_ENABLE_MODULES = YES;
				CLANG_ENABLE_OBJC_ARC = YES;
				CLANG_ENABLE_OBJC_WEAK = YES;
				CLANG_WARN_BLOCK_CAPTURE_AUTORELEASING = YES;
				CLANG_WARN_BOOL_CONVERSION = YES;
				CLANG_WARN_COMMA = YES;
				CLANG_WARN_CONSTANT_CONVERSION = YES;
				CLANG_WARN_DEPRECATED_OBJC_IMPLEMENTATIONS = YES;
				CLANG_WARN_DIRECT_OBJC_ISA_USAGE = YES_ERROR;
				CLANG_WARN_DOCUMENTATION_COMMENTS = YES;
				CLANG_WARN_EMPTY_BODY = YES;
				CLANG_WARN_ENUM_CONVERSION = YES;
				CLANG_WARN_INFINITE_RECURSION = YES;
				CLANG_WARN_INT_CONVERSION = YES;
				CLANG_WARN_NON_LITERAL_NULL_CONVERSION = YES;
				CLANG_WARN_OBJC_IMPLICIT_RETAIN_SELF = YES;
				CLANG_WARN_OBJC_LITERAL_CONVERSION = YES;
				CLANG_WARN_OBJC_ROOT_CLASS = YES_ERROR;
				CLANG_WARN_RANGE_LOOP_ANALYSIS = YES;
				CLANG_WARN_STRICT_PROTOTYPES = YES;
				CLANG_WARN_SUSPICIOUS_MOVE = YES;
				CLANG_WARN_UNGUARDED_AVAILABILITY = YES_AGGRESSIVE;
				CLANG_WARN_UNREACHABLE_CODE = YES;
				CLANG_WARN__DUPLICATE_METHOD_MATCH = YES;
				COPY_PHASE_STRIP = NO;
				DEBUG_INFORMATION_FORMAT = "dwarf-with-dsym";
				ENABLE_NS_ASSERTIONS = NO;
				ENABLE_STRICT_OBJC_MSGSEND = YES;
				GCC_C_LANGUAGE_STANDARD = gnu11;
				GCC_NO_COMMON_BLOCKS = YES;
				GCC_WARN_64_TO_32_BIT_CONVERSION = YES;
				GCC_WARN_ABOUT_RETURN_TYPE = YES_ERROR;
				GCC_WARN_UNDECLARED_SELECTOR = YES;
				GCC_WARN_UNINITIALIZED_AUTOS = YES_AGGRESSIVE;
				GCC_WARN_UNUSED_FUNCTION = YES;
				GCC_WARN_UNUSED_VARIABLE = YES;
				IPHONEOS_DEPLOYMENT_TARGET = 13.2;
				MTL_ENABLE_DEBUG_INFO = NO;
				MTL_FAST_MATH = YES;
				SDKROOT = iphoneos;
				VALIDATE_PRODUCT = YES;
			};
			name = Release;
		};
		41EFC9A524DA95E200869BD1 /* Debug */ = {
			isa = XCBuildConfiguration;
			baseConfigurationReference = 8363905E09B01B8AFD2526B4 /* Pods-Tech Tree.debug.xcconfig */;
			buildSettings = {
				ASSETCATALOG_COMPILER_APPICON_NAME = AppIcon;
				CODE_SIGN_STYLE = Automatic;
				INFOPLIST_FILE = "Tech Tree/Info.plist";
				LD_RUNPATH_SEARCH_PATHS = (
					"$(inherited)",
					"@executable_path/Frameworks",
				);
				PRODUCT_BUNDLE_IDENTIFIER = "com.sujunglee.Tech-Tree";
				PRODUCT_NAME = "$(TARGET_NAME)";
				TARGETED_DEVICE_FAMILY = "1,2";
			};
			name = Debug;
		};
		41EFC9A624DA95E200869BD1 /* Release */ = {
			isa = XCBuildConfiguration;
			baseConfigurationReference = 4E936C063F7B99CD16C14B2C /* Pods-Tech Tree.release.xcconfig */;
			buildSettings = {
				ASSETCATALOG_COMPILER_APPICON_NAME = AppIcon;
				CODE_SIGN_STYLE = Automatic;
				INFOPLIST_FILE = "Tech Tree/Info.plist";
				LD_RUNPATH_SEARCH_PATHS = (
					"$(inherited)",
					"@executable_path/Frameworks",
				);
				PRODUCT_BUNDLE_IDENTIFIER = "com.sujunglee.Tech-Tree";
				PRODUCT_NAME = "$(TARGET_NAME)";
				TARGETED_DEVICE_FAMILY = "1,2";
			};
			name = Release;
		};
/* End XCBuildConfiguration section */

/* Begin XCConfigurationList section */
		41EFC98624DA95E100869BD1 /* Build configuration list for PBXProject "Tech Tree" */ = {
			isa = XCConfigurationList;
			buildConfigurations = (
				41EFC9A224DA95E200869BD1 /* Debug */,
				41EFC9A324DA95E200869BD1 /* Release */,
			);
			defaultConfigurationIsVisible = 0;
			defaultConfigurationName = Release;
		};
		41EFC9A424DA95E200869BD1 /* Build configuration list for PBXNativeTarget "Tech Tree" */ = {
			isa = XCConfigurationList;
			buildConfigurations = (
				41EFC9A524DA95E200869BD1 /* Debug */,
				41EFC9A624DA95E200869BD1 /* Release */,
			);
			defaultConfigurationIsVisible = 0;
			defaultConfigurationName = Release;
		};
/* End XCConfigurationList section */
	};
	rootObject = 41EFC98324DA95E100869BD1 /* Project object */;
}
